
Microsoft Visual Studio Solution File, Format Version 12.00
# Visual Studio 15
VisualStudioVersion = 15.0.26730.12
MinimumVisualStudioVersion = 10.0.40219.1
Project("{FAE04EC0-301F-11D3-BF4B-00C04F79EFBC}") = "AgendaContatos", "AgendaContatos\AgendaContatos.csproj", "{25EB91E0-26A8-41AC-AF08-4D6DBD7BE1EA}"
EndProject
Project("{FAE04EC0-301F-11D3-BF4B-00C04F79EFBC}") = "AgendaContatos.Dados", "AgendaContado.Dados\AgendaContatos.Dados.csproj", "{69166AE5-09C9-4EE9-8BEB-79067BC5C173}"
EndProject
Project("{FAE04EC0-301F-11D3-BF4B-00C04F79EFBC}") = "AgendaContatos.Service", "AgendaContatos.Service\AgendaContatos.Service.csproj", "{ABBA44BE-CDCB-4339-866D-C59A2C846551}"
EndProject
Project("{FAE04EC0-301F-11D3-BF4B-00C04F79EFBC}") = "AgendaContatos.Dominio", "AgendaContatos.Dominio\AgendaContatos.Dominio.csproj", "{AC55F9A5-0633-4B4E-AD0C-E22B3E5CBD32}"
EndProject
Global
	GlobalSection(SolutionConfigurationPlatforms) = preSolution
		Debug|Any CPU = Debug|Any CPU
		Release|Any CPU = Release|Any CPU
	EndGlobalSection
	GlobalSection(ProjectConfigurationPlatforms) = postSolution
		{25EB91E0-26A8-41AC-AF08-4D6DBD7BE1EA}.Debug|Any CPU.ActiveCfg = Debug|Any CPU
		{25EB91E0-26A8-41AC-AF08-4D6DBD7BE1EA}.Debug|Any CPU.Build.0 = Debug|Any CPU
		{25EB91E0-26A8-41AC-AF08-4D6DBD7BE1EA}.Release|Any CPU.ActiveCfg = Release|Any CPU
		{25EB91E0-26A8-41AC-AF08-4D6DBD7BE1EA}.Release|Any CPU.Build.0 = Release|Any CPU
		{69166AE5-09C9-4EE9-8BEB-79067BC5C173}.Debug|Any CPU.ActiveCfg = Debug|Any CPU
		{69166AE5-09C9-4EE9-8BEB-79067BC5C173}.Debug|Any CPU.Build.0 = Debug|Any CPU
		{69166AE5-09C9-4EE9-8BEB-79067BC5C173}.Release|Any CPU.ActiveCfg = Release|Any CPU
		{69166AE5-09C9-4EE9-8BEB-79067BC5C173}.Release|Any CPU.Build.0 = Release|Any CPU
		{ABBA44BE-CDCB-4339-866D-C59A2C846551}.Debug|Any CPU.ActiveCfg = Debug|Any CPU
		{ABBA44BE-CDCB-4339-866D-C59A2C846551}.Debug|Any CPU.Build.0 = Debug|Any CPU
		{ABBA44BE-CDCB-4339-866D-C59A2C846551}.Release|Any CPU.ActiveCfg = Release|Any CPU
		{ABBA44BE-CDCB-4339-866D-C59A2C846551}.Release|Any CPU.Build.0 = Release|Any CPU
		{AC55F9A5-0633-4B4E-AD0C-E22B3E5CBD32}.Debug|Any CPU.ActiveCfg = Debug|Any CPU
		{AC55F9A5-0633-4B4E-AD0C-E22B3E5CBD32}.Debug|Any CPU.Build.0 = Debug|Any CPU
		{AC55F9A5-0633-4B4E-AD0C-E22B3E5CBD32}.Release|Any CPU.ActiveCfg = Release|Any CPU
		{AC55F9A5-0633-4B4E-AD0C-E22B3E5CBD32}.Release|Any CPU.Build.0 = Release|Any CPU
	EndGlobalSection
	GlobalSection(SolutionProperties) = preSolution
		HideSolutionNode = FALSE
	EndGlobalSection
	GlobalSection(ExtensibilityGlobals) = postSolution
		SolutionGuid = {317742DF-013C-44C5-A728-B8AA70A9979E}
	EndGlobalSection
EndGlobal
